Microsoft Visual Studio Solution File, Format Version 12.00
# Visual Studio Version 17
VisualStudioVersion = 17.5.2.0
MinimumVisualStudioVersion = 10.0.40219.1
Project("{FAE04EC0-301F-11D3-BF4B-00C04F79EFBC}") = "Restaurants.API", "Restaurants.API.csproj", "{BDD3BFF8-DE98-3E34-E0E5-548B1BEA8D46}"
EndProject
Global
	GlobalSection(SolutionConfigurationPlatforms) = preSolution
		Debug|Any CPU = Debug|Any CPU
		Release|Any CPU = Release|Any CPU
	EndGlobalSection
	GlobalSection(ProjectConfigurationPlatforms) = postSolution
		{BDD3BFF8-DE98-3E34-E0E5-548B1BEA8D46}.Debug|Any CPU.ActiveCfg = Debug|Any CPU
		{BDD3BFF8-DE98-3E34-E0E5-548B1BEA8D46}.Debug|Any CPU.Build.0 = Debug|Any CPU
		{BDD3BFF8-DE98-3E34-E0E5-548B1BEA8D46}.Release|Any CPU.ActiveCfg = Release|Any CPU
		{BDD3BFF8-DE98-3E34-E0E5-548B1BEA8D46}.Release|Any CPU.Build.0 = Release|Any CPU
	EndGlobalSection
	GlobalSection(SolutionProperties) = preSolution
		HideSolutionNode = FALSE
	EndGlobalSection
	GlobalSection(ExtensibilityGlobals) = postSolution
		SolutionGuid = {C866F960-53D5-47B4-87B3-52854FC51B90}
	EndGlobalSection
EndGlobal
